// !$*UTF8*$!
{
	archiveVersion = 1;
	classes = {
	};
	objectVersion = 56;
	objects = {

/* Begin PBXBuildFile section */
		020133872C4E6D9000D490F7 /* WidgetKit.framework in Frameworks */ = {isa = PBXBuildFile; fileRef = 02F067252C369DE90061BBA0 /* WidgetKit.framework */; };
		020133882C4E6D9000D490F7 /* SwiftUI.framework in Frameworks */ = {isa = PBXBuildFile; fileRef = 02F067272C369DE90061BBA0 /* SwiftUI.framework */; };
		0201338B2C4E6D9000D490F7 /* ThyNetworkSpeedTestBundle.swift in Sources */ = {isa = PBXBuildFile; fileRef = 0201338A2C4E6D9000D490F7 /* ThyNetworkSpeedTestBundle.swift */; };
		0201338D2C4E6D9000D490F7 /* ThyNetworkSpeedTest.swift in Sources */ = {isa = PBXBuildFile; fileRef = 0201338C2C4E6D9000D490F7 /* ThyNetworkSpeedTest.swift */; };
		0201338F2C4E6D9100D490F7 /* Assets.xcassets in Resources */ = {isa = PBXBuildFile; fileRef = 0201338E2C4E6D9100D490F7 /* Assets.xcassets */; };
		020133932C4E6D9100D490F7 /* ThyNetworkSpeedTestExtension.appex in Embed Foundation Extensions */ = {isa = PBXBuildFile; fileRef = 020133862C4E6D8F00D490F7 /* ThyNetworkSpeedTestExtension.appex */; settings = {ATTRIBUTES = (RemoveHeadersOnCopy, ); }; };
		020304AA2C35677B0060CA52 /* iCustomAudioPlayer.swift in Sources */ = {isa = PBXBuildFile; fileRef = 020304A92C35677B0060CA52 /* iCustomAudioPlayer.swift */; };
		020E79722C52229E00012B98 /* NetworkSpeedTest3.swift in Sources */ = {isa = PBXBuildFile; fileRef = 020E79712C52229E00012B98 /* NetworkSpeedTest3.swift */; };
		0243DC8F2C50D41400865393 /* NetworkSpeedTest.swift in Sources */ = {isa = PBXBuildFile; fileRef = 02AFE8B52C4FD87B007A2142 /* NetworkSpeedTest.swift */; };
		0243DC912C50E72300865393 /* NetworkSpeedTest2.swift in Sources */ = {isa = PBXBuildFile; fileRef = 0243DC902C50E72300865393 /* NetworkSpeedTest2.swift */; };
		0243DC932C510A8200865393 /* Counter.swift in Sources */ = {isa = PBXBuildFile; fileRef = 0243DC922C510A8200865393 /* Counter.swift */; };
		02590E612C5A647C00897369 /* NetworkSpeedTest4.swift in Sources */ = {isa = PBXBuildFile; fileRef = 02590E602C5A647C00897369 /* NetworkSpeedTest4.swift */; };
		028098F32C4939EF00A15143 /* NotificationService.swift in Sources */ = {isa = PBXBuildFile; fileRef = 028098F22C4939EF00A15143 /* NotificationService.swift */; };
		028098F72C4939EF00A15143 /* OneSignalThyNotifiy.appex in Embed Foundation Extensions */ = {isa = PBXBuildFile; fileRef = 028098F02C4939EF00A15143 /* OneSignalThyNotifiy.appex */; settings = {ATTRIBUTES = (RemoveHeadersOnCopy, ); }; };
		028098FE2C493AC300A15143 /* OneSignalExtension in Frameworks */ = {isa = PBXBuildFile; productRef = 028098FD2C493AC300A15143 /* OneSignalExtension */; };
		028099002C493AC300A15143 /* OneSignalFramework in Frameworks */ = {isa = PBXBuildFile; productRef = 028098FF2C493AC300A15143 /* OneSignalFramework */; };
		028099022C493AC300A15143 /* OneSignalInAppMessages in Frameworks */ = {isa = PBXBuildFile; productRef = 028099012C493AC300A15143 /* OneSignalInAppMessages */; };
		028099042C493AC300A15143 /* OneSignalLocation in Frameworks */ = {isa = PBXBuildFile; productRef = 028099032C493AC300A15143 /* OneSignalLocation */; };
		02AFE8B42C4FBF3D007A2142 /* SwiftyPing in Frameworks */ = {isa = PBXBuildFile; productRef = 02AFE8B32C4FBF3D007A2142 /* SwiftyPing */; };
		02AFE8B62C4FD87B007A2142 /* NetworkSpeedTest.swift in Sources */ = {isa = PBXBuildFile; fileRef = 02AFE8B52C4FD87B007A2142 /* NetworkSpeedTest.swift */; };
		02CC8D8E2C3435CE003298B9 /* AppDelegate.swift in Sources */ = {isa = PBXBuildFile; fileRef = 02CC8D8D2C3435CE003298B9 /* AppDelegate.swift */; };
		02CC8D902C3435CE003298B9 /* SceneDelegate.swift in Sources */ = {isa = PBXBuildFile; fileRef = 02CC8D8F2C3435CE003298B9 /* SceneDelegate.swift */; };
		02CC8D922C3435CE003298B9 /* ViewController.swift in Sources */ = {isa = PBXBuildFile; fileRef = 02CC8D912C3435CE003298B9 /* ViewController.swift */; };
		02CC8D952C3435CE003298B9 /* Base in Resources */ = {isa = PBXBuildFile; fileRef = 02CC8D942C3435CE003298B9 /* Base */; };
		02CC8D972C3435D0003298B9 /* Assets.xcassets in Resources */ = {isa = PBXBuildFile; fileRef = 02CC8D962C3435D0003298B9 /* Assets.xcassets */; };
		02CC8D9A2C3435D0003298B9 /* Base in Resources */ = {isa = PBXBuildFile; fileRef = 02CC8D992C3435D0003298B9 /* Base */; };
		02CC8DA22C343609003298B9 /* GoogleService-Info.plist in Resources */ = {isa = PBXBuildFile; fileRef = 02CC8DA12C343609003298B9 /* GoogleService-Info.plist */; };
/* End PBXBuildFile section */

/* Begin PBXContainerItemProxy section */
		020133912C4E6D9100D490F7 /* PBXContainerItemProxy */ = {
			isa = PBXContainerItemProxy;
			containerPortal = 02CC8D822C3435CE003298B9 /* Project object */;
			proxyType = 1;
			remoteGlobalIDString = 020133852C4E6D8F00D490F7;
			remoteInfo = ThyNetworkSpeedTestExtension;
		};
		028098F52C4939EF00A15143 /* PBXContainerItemProxy */ = {
			isa = PBXContainerItemProxy;
			containerPortal = 02CC8D822C3435CE003298B9 /* Project object */;
			proxyType = 1;
			remoteGlobalIDString = 028098EF2C4939EE00A15143;
			remoteInfo = OneSignalThyNotifiy;
		};
/* End PBXContainerItemProxy section */

/* Begin PBXCopyFilesBuildPhase section */
		02F0673B2C369DEB0061BBA0 /* Embed Foundation Extensions */ = {
			isa = PBXCopyFilesBuildPhase;
			buildActionMask = 2147483647;
			dstPath = "";
			dstSubfolderSpec = 13;
			files = (
				028098F72C4939EF00A15143 /* OneSignalThyNotifiy.appex in Embed Foundation Extensions */,
				020133932C4E6D9100D490F7 /* ThyNetworkSpeedTestExtension.appex in Embed Foundation Extensions */,
			);
			name = "Embed Foundation Extensions";
			runOnlyForDeploymentPostprocessing = 0;
		};
/* End PBXCopyFilesBuildPhase section */

/* Begin PBXFileReference section */
		020133862C4E6D8F00D490F7 /* ThyNetworkSpeedTestExtension.appex */ = {isa = PBXFileReference; explicitFileType = "wrapper.app-extension"; includeInIndex = 0; path = ThyNetworkSpeedTestExtension.appex; sourceTree = BUILT_PRODUCTS_DIR; };
		0201338A2C4E6D9000D490F7 /* ThyNetworkSpeedTestBundle.swift */ = {isa = PBXFileReference; lastKnownFileType = sourcecode.swift; path = ThyNetworkSpeedTestBundle.swift; sourceTree = "<group>"; };
		0201338C2C4E6D9000D490F7 /* ThyNetworkSpeedTest.swift */ = {isa = PBXFileReference; lastKnownFileType = sourcecode.swift; path = ThyNetworkSpeedTest.swift; sourceTree = "<group>"; };
		0201338E2C4E6D9100D490F7 /* Assets.xcassets */ = {isa = PBXFileReference; lastKnownFileType = folder.assetcatalog; path = Assets.xcassets; sourceTree = "<group>"; };
		020133902C4E6D9100D490F7 /* Info.plist */ = {isa = PBXFileReference; lastKnownFileType = text.plist.xml; path = Info.plist; sourceTree = "<group>"; };
		020304A92C35677B0060CA52 /* iCustomAudioPlayer.swift */ = {isa = PBXFileReference; lastKnownFileType = sourcecode.swift; path = iCustomAudioPlayer.swift; sourceTree = "<group>"; };
		020E79712C52229E00012B98 /* NetworkSpeedTest3.swift */ = {isa = PBXFileReference; lastKnownFileType = sourcecode.swift; path = NetworkSpeedTest3.swift; sourceTree = "<group>"; };
		0243DC902C50E72300865393 /* NetworkSpeedTest2.swift */ = {isa = PBXFileReference; lastKnownFileType = sourcecode.swift; path = NetworkSpeedTest2.swift; sourceTree = "<group>"; };
		0243DC922C510A8200865393 /* Counter.swift */ = {isa = PBXFileReference; lastKnownFileType = sourcecode.swift; path = Counter.swift; sourceTree = "<group>"; };
		02590E602C5A647C00897369 /* NetworkSpeedTest4.swift */ = {isa = PBXFileReference; lastKnownFileType = sourcecode.swift; path = NetworkSpeedTest4.swift; sourceTree = "<group>"; };
		028098F02C4939EF00A15143 /* OneSignalThyNotifiy.appex */ = {isa = PBXFileReference; explicitFileType = "wrapper.app-extension"; includeInIndex = 0; path = OneSignalThyNotifiy.appex; sourceTree = BUILT_PRODUCTS_DIR; };
		028098F22C4939EF00A15143 /* NotificationService.swift */ = {isa = PBXFileReference; lastKnownFileType = sourcecode.swift; path = NotificationService.swift; sourceTree = "<group>"; };
		028098F42C4939EF00A15143 /* Info.plist */ = {isa = PBXFileReference; lastKnownFileType = text.plist.xml; path = Info.plist; sourceTree = "<group>"; };
		028098FB2C493A6100A15143 /* OneSignalThyNotifiy.entitlements */ = {isa = PBXFileReference; lastKnownFileType = text.plist.entitlements; path = OneSignalThyNotifiy.entitlements; sourceTree = "<group>"; };
		02AFE8B52C4FD87B007A2142 /* NetworkSpeedTest.swift */ = {isa = PBXFileReference; lastKnownFileType = sourcecode.swift; path = NetworkSpeedTest.swift; sourceTree = "<group>"; };
		02CC8D8A2C3435CE003298B9 /* fbButtonNotifiy.app */ = {isa = PBXFileReference; explicitFileType = wrapper.application; includeInIndex = 0; path = fbButtonNotifiy.app; sourceTree = BUILT_PRODUCTS_DIR; };
		02CC8D8D2C3435CE003298B9 /* AppDelegate.swift */ = {isa = PBXFileReference; lastKnownFileType = sourcecode.swift; path = AppDelegate.swift; sourceTree = "<group>"; };
		02CC8D8F2C3435CE003298B9 /* SceneDelegate.swift */ = {isa = PBXFileReference; lastKnownFileType = sourcecode.swift; path = SceneDelegate.swift; sourceTree = "<group>"; };
		02CC8D912C3435CE003298B9 /* ViewController.swift */ = {isa = PBXFileReference; lastKnownFileType = sourcecode.swift; path = ViewController.swift; sourceTree = "<group>"; };
		02CC8D942C3435CE003298B9 /* Base */ = {isa = PBXFileReference; lastKnownFileType = file.storyboard; name = Base; path = Base.lproj/Main.storyboard; sourceTree = "<group>"; };
		02CC8D962C3435D0003298B9 /* Assets.xcassets */ = {isa = PBXFileReference; lastKnownFileType = folder.assetcatalog; path = Assets.xcassets; sourceTree = "<group>"; };
		02CC8D992C3435D0003298B9 /* Base */ = {isa = PBXFileReference; lastKnownFileType = file.storyboard; name = Base; path = Base.lproj/LaunchScreen.storyboard; sourceTree = "<group>"; };
		02CC8D9B2C3435D0003298B9 /* Info.plist */ = {isa = PBXFileReference; lastKnownFileType = text.plist.xml; path = Info.plist; sourceTree = "<group>"; };
		02CC8DA12C343609003298B9 /* GoogleService-Info.plist */ = {isa = PBXFileReference; fileEncoding = 4; lastKnownFileType = text.plist.xml; path = "GoogleService-Info.plist"; sourceTree = "<group>"; };
		02CC8DA62C34398F003298B9 /* fbButtonNotifiy.entitlements */ = {isa = PBXFileReference; lastKnownFileType = text.plist.entitlements; path = fbButtonNotifiy.entitlements; sourceTree = "<group>"; };
		02F067252C369DE90061BBA0 /* WidgetKit.framework */ = {isa = PBXFileReference; lastKnownFileType = wrapper.framework; name = WidgetKit.framework; path = System/Library/Frameworks/WidgetKit.framework; sourceTree = SDKROOT; };
		02F067272C369DE90061BBA0 /* SwiftUI.framework */ = {isa = PBXFileReference; lastKnownFileType = wrapper.framework; name = SwiftUI.framework; path = System/Library/Frameworks/SwiftUI.framework; sourceTree = SDKROOT; };
/* End PBXFileReference section */

/* Begin PBXFrameworksBuildPhase section */
		020133832C4E6D8F00D490F7 /* Frameworks */ = {
			isa = PBXFrameworksBuildPhase;
			buildActionMask = 2147483647;
			files = (
				020133882C4E6D9000D490F7 /* SwiftUI.framework in Frameworks */,
				020133872C4E6D9000D490F7 /* WidgetKit.framework in Frameworks */,
			);
			runOnlyForDeploymentPostprocessing = 0;
		};
		028098ED2C4939EE00A15143 /* Frameworks */ = {
			isa = PBXFrameworksBuildPhase;
			buildActionMask = 2147483647;
			files = (
				028098FE2C493AC300A15143 /* OneSignalExtension in Frameworks */,
			);
			runOnlyForDeploymentPostprocessing = 0;
		};
		02CC8D872C3435CE003298B9 /* Frameworks */ = {
			isa = PBXFrameworksBuildPhase;
			buildActionMask = 2147483647;
			files = (
				028099042C493AC300A15143 /* OneSignalLocation in Frameworks */,
				028099022C493AC300A15143 /* OneSignalInAppMessages in Frameworks */,
				02AFE8B42C4FBF3D007A2142 /* SwiftyPing in Frameworks */,
				028099002C493AC300A15143 /* OneSignalFramework in Frameworks */,
			);
			runOnlyForDeploymentPostprocessing = 0;
		};
/* End PBXFrameworksBuildPhase section */

/* Begin PBXGroup section */
		020133892C4E6D9000D490F7 /* ThyNetworkSpeedTest */ = {
			isa = PBXGroup;
			children = (
				0201338A2C4E6D9000D490F7 /* ThyNetworkSpeedTestBundle.swift */,
				0201338C2C4E6D9000D490F7 /* ThyNetworkSpeedTest.swift */,
				0201338E2C4E6D9100D490F7 /* Assets.xcassets */,
				020133902C4E6D9100D490F7 /* Info.plist */,
			);
			path = ThyNetworkSpeedTest;
			sourceTree = "<group>";
		};
		028098F12C4939EF00A15143 /* OneSignalThyNotifiy */ = {
			isa = PBXGroup;
			children = (
				028098FB2C493A6100A15143 /* OneSignalThyNotifiy.entitlements */,
				028098F22C4939EF00A15143 /* NotificationService.swift */,
				028098F42C4939EF00A15143 /* Info.plist */,
			);
			path = OneSignalThyNotifiy;
			sourceTree = "<group>";
		};
		02CC8D812C3435CE003298B9 = {
			isa = PBXGroup;
			children = (
				02CC8D8C2C3435CE003298B9 /* fbButtonNotifiy */,
				028098F12C4939EF00A15143 /* OneSignalThyNotifiy */,
				020133892C4E6D9000D490F7 /* ThyNetworkSpeedTest */,
				02F067242C369DE90061BBA0 /* Frameworks */,
				02CC8D8B2C3435CE003298B9 /* Products */,
			);
			sourceTree = "<group>";
		};
		02CC8D8B2C3435CE003298B9 /* Products */ = {
			isa = PBXGroup;
			children = (
				02CC8D8A2C3435CE003298B9 /* fbButtonNotifiy.app */,
				028098F02C4939EF00A15143 /* OneSignalThyNotifiy.appex */,
				020133862C4E6D8F00D490F7 /* ThyNetworkSpeedTestExtension.appex */,
			);
			name = Products;
			sourceTree = "<group>";
		};
		02CC8D8C2C3435CE003298B9 /* fbButtonNotifiy */ = {
			isa = PBXGroup;
			children = (
				02CC8DA62C34398F003298B9 /* fbButtonNotifiy.entitlements */,
				02CC8D8D2C3435CE003298B9 /* AppDelegate.swift */,
				02CC8D8F2C3435CE003298B9 /* SceneDelegate.swift */,
				02CC8D912C3435CE003298B9 /* ViewController.swift */,
				02CC8D932C3435CE003298B9 /* Main.storyboard */,
				02CC8D962C3435D0003298B9 /* Assets.xcassets */,
				02CC8D982C3435D0003298B9 /* LaunchScreen.storyboard */,
				02CC8D9B2C3435D0003298B9 /* Info.plist */,
				02CC8DA12C343609003298B9 /* GoogleService-Info.plist */,
				020304A92C35677B0060CA52 /* iCustomAudioPlayer.swift */,
				02AFE8B52C4FD87B007A2142 /* NetworkSpeedTest.swift */,
				0243DC902C50E72300865393 /* NetworkSpeedTest2.swift */,
				0243DC922C510A8200865393 /* Counter.swift */,
				020E79712C52229E00012B98 /* NetworkSpeedTest3.swift */,
				02590E602C5A647C00897369 /* NetworkSpeedTest4.swift */,
			);
			path = fbButtonNotifiy;
			sourceTree = "<group>";
		};
		02F067242C369DE90061BBA0 /* Frameworks */ = {
			isa = PBXGroup;
			children = (
				02F067252C369DE90061BBA0 /* WidgetKit.framework */,
				02F067272C369DE90061BBA0 /* SwiftUI.framework */,
			);
			name = Frameworks;
			sourceTree = "<group>";
		};
/* End PBXGroup section */

/* Begin PBXNativeTarget section */
		020133852C4E6D8F00D490F7 /* ThyNetworkSpeedTestExtension */ = {
			isa = PBXNativeTarget;
			buildConfigurationList = 020133942C4E6D9100D490F7 /* Build configuration list for PBXNativeTarget "ThyNetworkSpeedTestExtension" */;
			buildPhases = (
				020133822C4E6D8F00D490F7 /* Sources */,
				020133832C4E6D8F00D490F7 /* Frameworks */,
				020133842C4E6D8F00D490F7 /* Resources */,
			);
			buildRules = (
			);
			dependencies = (
			);
			name = ThyNetworkSpeedTestExtension;
			productName = ThyNetworkSpeedTestExtension;
			productReference = 020133862C4E6D8F00D490F7 /* ThyNetworkSpeedTestExtension.appex */;
			productType = "com.apple.product-type.app-extension";
		};
		028098EF2C4939EE00A15143 /* OneSignalThyNotifiy */ = {
			isa = PBXNativeTarget;
			buildConfigurationList = 028098FA2C4939EF00A15143 /* Build configuration list for PBXNativeTarget "OneSignalThyNotifiy" */;
			buildPhases = (
				028098EC2C4939EE00A15143 /* Sources */,
				028098ED2C4939EE00A15143 /* Frameworks */,
				028098EE2C4939EE00A15143 /* Resources */,
			);
			buildRules = (
			);
			dependencies = (
			);
			name = OneSignalThyNotifiy;
			packageProductDependencies = (
				028098FD2C493AC300A15143 /* OneSignalExtension */,
			);
			productName = OneSignalThyNotifiy;
			productReference = 028098F02C4939EF00A15143 /* OneSignalThyNotifiy.appex */;
			productType = "com.apple.product-type.app-extension";
		};
		02CC8D892C3435CE003298B9 /* fbButtonNotifiy */ = {
			isa = PBXNativeTarget;
			buildConfigurationList = 02CC8D9E2C3435D0003298B9 /* Build configuration list for PBXNativeTarget "fbButtonNotifiy" */;
			buildPhases = (
				02CC8D862C3435CE003298B9 /* Sources */,
				02CC8D872C3435CE003298B9 /* Frameworks */,
				02CC8D882C3435CE003298B9 /* Resources */,
				02F0673B2C369DEB0061BBA0 /* Embed Foundation Extensions */,
			);
			buildRules = (
			);
			dependencies = (
				028098F62C4939EF00A15143 /* PBXTargetDependency */,
				020133922C4E6D9100D490F7 /* PBXTargetDependency */,
			);
			name = fbButtonNotifiy;
			packageProductDependencies = (
				028098FF2C493AC300A15143 /* OneSignalFramework */,
				028099012C493AC300A15143 /* OneSignalInAppMessages */,
				028099032C493AC300A15143 /* OneSignalLocation */,
				02AFE8B32C4FBF3D007A2142 /* SwiftyPing */,
			);
			productName = fbButtonNotifiy;
			productReference = 02CC8D8A2C3435CE003298B9 /* fbButtonNotifiy.app */;
			productType = "com.apple.product-type.application";
		};
/* End PBXNativeTarget section */

/* Begin PBXProject section */
		02CC8D822C3435CE003298B9 /* Project object */ = {
			isa = PBXProject;
			attributes = {
				BuildIndependentTargetsInParallel = 1;
				LastSwiftUpdateCheck = 1540;
				LastUpgradeCheck = 1530;
				TargetAttributes = {
					020133852C4E6D8F00D490F7 = {
						CreatedOnToolsVersion = 15.4;
					};
					028098EF2C4939EE00A15143 = {
						CreatedOnToolsVersion = 15.4;
					};
					02CC8D892C3435CE003298B9 = {
						CreatedOnToolsVersion = 15.3;
					};
				};
			};
			buildConfigurationList = 02CC8D852C3435CE003298B9 /* Build configuration list for PBXProject "fbButtonNotifiy" */;
			compatibilityVersion = "Xcode 14.0";
			developmentRegion = en;
			hasScannedForEncodings = 0;
			knownRegions = (
				en,
				Base,
			);
			mainGroup = 02CC8D812C3435CE003298B9;
			packageReferences = (
				028098FC2C493AC300A15143 /* XCRemoteSwiftPackageReference "OneSignal-XCFramework" */,
				02AFE8B22C4FBDD5007A2142 /* XCRemoteSwiftPackageReference "SwiftyPing" */,
			);
			productRefGroup = 02CC8D8B2C3435CE003298B9 /* Products */;
			projectDirPath = "";
			projectRoot = "";
			targets = (
				02CC8D892C3435CE003298B9 /* fbButtonNotifiy */,
				028098EF2C4939EE00A15143 /* OneSignalThyNotifiy */,
				020133852C4E6D8F00D490F7 /* ThyNetworkSpeedTestExtension */,
			);
		};
/* End PBXProject section */

/* Begin PBXResourcesBuildPhase section */
		020133842C4E6D8F00D490F7 /* Resources */ = {
			isa = PBXResourcesBuildPhase;
			buildActionMask = 2147483647;
			files = (
				0201338F2C4E6D9100D490F7 /* Assets.xcassets in Resources */,
			);
			runOnlyForDeploymentPostprocessing = 0;
		};
		028098EE2C4939EE00A15143 /* Resources */ = {
			isa = PBXResourcesBuildPhase;
			buildActionMask = 2147483647;
			files = (
			);
			runOnlyForDeploymentPostprocessing = 0;
		};
		02CC8D882C3435CE003298B9 /* Resources */ = {
			isa = PBXResourcesBuildPhase;
			buildActionMask = 2147483647;
			files = (
				02CC8D972C3435D0003298B9 /* Assets.xcassets in Resources */,
				02CC8DA22C343609003298B9 /* GoogleService-Info.plist in Resources */,
				02CC8D9A2C3435D0003298B9 /* Base in Resources */,
				02CC8D952C3435CE003298B9 /* Base in Resources */,
			);
			runOnlyForDeploymentPostprocessing = 0;
		};
/* End PBXResourcesBuildPhase section */

/* Begin PBXSourcesBuildPhase section */
		020133822C4E6D8F00D490F7 /* Sources */ = {
			isa = PBXSourcesBuildPhase;
			buildActionMask = 2147483647;
			files = (
				0243DC932C510A8200865393 /* Counter.swift in Sources */,
				0201338D2C4E6D9000D490F7 /* ThyNetworkSpeedTest.swift in Sources */,
				0201338B2C4E6D9000D490F7 /* ThyNetworkSpeedTestBundle.swift in Sources */,
				0243DC8F2C50D41400865393 /* NetworkSpeedTest.swift in Sources */,
			);
			runOnlyForDeploymentPostprocessing = 0;
		};
		028098EC2C4939EE00A15143 /* Sources */ = {
			isa = PBXSourcesBuildPhase;
			buildActionMask = 2147483647;
			files = (
				028098F32C4939EF00A15143 /* NotificationService.swift in Sources */,
			);
			runOnlyForDeploymentPostprocessing = 0;
		};
		02CC8D862C3435CE003298B9 /* Sources */ = {
			isa = PBXSourcesBuildPhase;
			buildActionMask = 2147483647;
			files = (
				02AFE8B62C4FD87B007A2142 /* NetworkSpeedTest.swift in Sources */,
				02590E612C5A647C00897369 /* NetworkSpeedTest4.swift in Sources */,
				020304AA2C35677B0060CA52 /* iCustomAudioPlayer.swift in Sources */,
				02CC8D922C3435CE003298B9 /* ViewController.swift in Sources */,
				02CC8D8E2C3435CE003298B9 /* AppDelegate.swift in Sources */,
				02CC8D902C3435CE003298B9 /* SceneDelegate.swift in Sources */,
				020E79722C52229E00012B98 /* NetworkSpeedTest3.swift in Sources */,
				0243DC912C50E72300865393 /* NetworkSpeedTest2.swift in Sources */,
			);
			runOnlyForDeploymentPostprocessing = 0;
		};
/* End PBXSourcesBuildPhase section */

/* Begin PBXTargetDependency section */
		020133922C4E6D9100D490F7 /* PBXTargetDependency */ = {
			isa = PBXTargetDependency;
			target = 020133852C4E6D8F00D490F7 /* ThyNetworkSpeedTestExtension */;
			targetProxy = 020133912C4E6D9100D490F7 /* PBXContainerItemProxy */;
		};
		028098F62C4939EF00A15143 /* PBXTargetDependency */ = {
			isa = PBXTargetDependency;
			target = 028098EF2C4939EE00A15143 /* OneSignalThyNotifiy */;
			targetProxy = 028098F52C4939EF00A15143 /* PBXContainerItemProxy */;
		};
/* End PBXTargetDependency section */

/* Begin PBXVariantGroup section */
		02CC8D932C3435CE003298B9 /* Main.storyboard */ = {
			isa = PBXVariantGroup;
			children = (
				02CC8D942C3435CE003298B9 /* Base */,
			);
			name = Main.storyboard;
			sourceTree = "<group>";
		};
		02CC8D982C3435D0003298B9 /* LaunchScreen.storyboard */ = {
			isa = PBXVariantGroup;
			children = (
				02CC8D992C3435D0003298B9 /* Base */,
			);
			name = LaunchScreen.storyboard;
			sourceTree = "<group>";
		};
/* End PBXVariantGroup section */

/* Begin XCBuildConfiguration section */
		020133952C4E6D9100D490F7 /* Debug */ = {
			isa = XCBuildConfiguration;
			buildSettings = {
				ASSETCATALOG_COMPILER_GLOBAL_ACCENT_COLOR_NAME = AccentColor;
				ASSETCATALOG_COMPILER_WIDGET_BACKGROUND_COLOR_NAME = WidgetBackground;
				CODE_SIGN_STYLE = Automatic;
				CURRENT_PROJECT_VERSION = 1;
				DEVELOPMENT_TEAM = H45HF84T2B;
				GENERATE_INFOPLIST_FILE = YES;
				INFOPLIST_FILE = ThyNetworkSpeedTest/Info.plist;
				INFOPLIST_KEY_CFBundleDisplayName = ThyNetworkSpeedTest;
				INFOPLIST_KEY_NSHumanReadableCopyright = "";
				IPHONEOS_DEPLOYMENT_TARGET = 17.5;
				LD_RUNPATH_SEARCH_PATHS = (
					"$(inherited)",
					"@executable_path/Frameworks",
					"@executable_path/../../Frameworks",
				);
				MARKETING_VERSION = 1.0;
				PRODUCT_BUNDLE_IDENTIFIER = com.ifloop.shaPrayerTime.ThyNetworkSpeedTest;
				PRODUCT_NAME = "$(TARGET_NAME)";
				SKIP_INSTALL = YES;
				SWIFT_EMIT_LOC_STRINGS = YES;
				SWIFT_VERSION = 5.0;
				TARGETED_DEVICE_FAMILY = "1,2";
			};
			name = Debug;
		};
		020133962C4E6D9100D490F7 /* Release */ = {
			isa = XCBuildConfiguration;
			buildSettings = {
				ASSETCATALOG_COMPILER_GLOBAL_ACCENT_COLOR_NAME = AccentColor;
				ASSETCATALOG_COMPILER_WIDGET_BACKGROUND_COLOR_NAME = WidgetBackground;
				CODE_SIGN_STYLE = Automatic;
				CURRENT_PROJECT_VERSION = 1;
				DEVELOPMENT_TEAM = H45HF84T2B;
				GENERATE_INFOPLIST_FILE = YES;
				INFOPLIST_FILE = ThyNetworkSpeedTest/Info.plist;
				INFOPLIST_KEY_CFBundleDisplayName = ThyNetworkSpeedTest;
				INFOPLIST_KEY_NSHumanReadableCopyright = "";
				IPHONEOS_DEPLOYMENT_TARGET = 17.5;
				LD_RUNPATH_SEARCH_PATHS = (
					"$(inherited)",
					"@executable_path/Frameworks",
					"@executable_path/../../Frameworks",
				);
				MARKETING_VERSION = 1.0;
				PRODUCT_BUNDLE_IDENTIFIER = com.ifloop.shaPrayerTime.ThyNetworkSpeedTest;
				PRODUCT_NAME = "$(TARGET_NAME)";
				SKIP_INSTALL = YES;
				SWIFT_EMIT_LOC_STRINGS = YES;
				SWIFT_VERSION = 5.0;
				TARGETED_DEVICE_FAMILY = "1,2";
			};
			name = Release;
		};
		028098F82C4939EF00A15143 /* Debug */ = {
			isa = XCBuildConfiguration;
			buildSettings = {
				CODE_SIGN_ENTITLEMENTS = OneSignalThyNotifiy/OneSignalThyNotifiy.entitlements;
				CODE_SIGN_STYLE = Automatic;
				CURRENT_PROJECT_VERSION = 1;
				DEVELOPMENT_TEAM = H45HF84T2B;
				GENERATE_INFOPLIST_FILE = YES;
				INFOPLIST_FILE = OneSignalThyNotifiy/Info.plist;
				INFOPLIST_KEY_CFBundleDisplayName = OneSignalThyNotifiy;
				INFOPLIST_KEY_NSHumanReadableCopyright = "";
				IPHONEOS_DEPLOYMENT_TARGET = 17.5;
				LD_RUNPATH_SEARCH_PATHS = (
					"$(inherited)",
					"@executable_path/Frameworks",
					"@executable_path/../../Frameworks",
				);
				MARKETING_VERSION = 1.0;
				PRODUCT_BUNDLE_IDENTIFIER = com.ifloop.shaPrayerTime.OneSignalThyNotifiy;
				PRODUCT_NAME = "$(TARGET_NAME)";
				SKIP_INSTALL = YES;
				SWIFT_EMIT_LOC_STRINGS = YES;
				SWIFT_VERSION = 5.0;
				TARGETED_DEVICE_FAMILY = "1,2";
			};
			name = Debug;
		};
		028098F92C4939EF00A15143 /* Release */ = {
			isa = XCBuildConfiguration;
			buildSettings = {
				CODE_SIGN_ENTITLEMENTS = OneSignalThyNotifiy/OneSignalThyNotifiy.entitlements;
				CODE_SIGN_STYLE = Automatic;
				CURRENT_PROJECT_VERSION = 1;
				DEVELOPMENT_TEAM = H45HF84T2B;
				GENERATE_INFOPLIST_FILE = YES;
				INFOPLIST_FILE = OneSignalThyNotifiy/Info.plist;
				INFOPLIST_KEY_CFBundleDisplayName = OneSignalThyNotifiy;
				INFOPLIST_KEY_NSHumanReadableCopyright = "";
				IPHONEOS_DEPLOYMENT_TARGET = 17.5;
				LD_RUNPATH_SEARCH_PATHS = (
					"$(inherited)",
					"@executable_path/Frameworks",
					"@executable_path/../../Frameworks",
				);
				MARKETING_VERSION = 1.0;
				PRODUCT_BUNDLE_IDENTIFIER = com.ifloop.shaPrayerTime.OneSignalThyNotifiy;
				PRODUCT_NAME = "$(TARGET_NAME)";
				SKIP_INSTALL = YES;
				SWIFT_EMIT_LOC_STRINGS = YES;
				SWIFT_VERSION = 5.0;
				TARGETED_DEVICE_FAMILY = "1,2";
			};
			name = Release;
		};
		02CC8D9C2C3435D0003298B9 /* Debug */ = {
			isa = XCBuildConfiguration;
			buildSettings = {
				ALWAYS_SEARCH_USER_PATHS = NO;
				ASSETCATALOG_COMPILER_GENERATE_SWIFT_ASSET_SYMBOL_EXTENSIONS = YES;
				CLANG_ANALYZER_NONNULL = YES;
				CLANG_ANALYZER_NUMBER_OBJECT_CONVERSION = YES_AGGRESSIVE;
				CLANG_CXX_LANGUAGE_STANDARD = "gnu++20";
				CLANG_ENABLE_MODULES = YES;
				CLANG_ENABLE_OBJC_ARC = YES;
				CLANG_ENABLE_OBJC_WEAK = YES;
				CLANG_WARN_BLOCK_CAPTURE_AUTORELEASING = YES;
				CLANG_WARN_BOOL_CONVERSION = YES;
				CLANG_WARN_COMMA = YES;
				CLANG_WARN_CONSTANT_CONVERSION = YES;
				CLANG_WARN_DEPRECATED_OBJC_IMPLEMENTATIONS = YES;
				CLANG_WARN_DIRECT_OBJC_ISA_USAGE = YES_ERROR;
				CLANG_WARN_DOCUMENTATION_COMMENTS = YES;
				CLANG_WARN_EMPTY_BODY = YES;
				CLANG_WARN_ENUM_CONVERSION = YES;
				CLANG_WARN_INFINITE_RECURSION = YES;
				CLANG_WARN_INT_CONVERSION = YES;
				CLANG_WARN_NON_LITERAL_NULL_CONVERSION = YES;
				CLANG_WARN_OBJC_IMPLICIT_RETAIN_SELF = YES;
				CLANG_WARN_OBJC_LITERAL_CONVERSION = YES;
				CLANG_WARN_OBJC_ROOT_CLASS = YES_ERROR;
				CLANG_WARN_QUOTED_INCLUDE_IN_FRAMEWORK_HEADER = YES;
				CLANG_WARN_RANGE_LOOP_ANALYSIS = YES;
				CLANG_WARN_STRICT_PROTOTYPES = YES;
				CLANG_WARN_SUSPICIOUS_MOVE = YES;
				CLANG_WARN_UNGUARDED_AVAILABILITY = YES_AGGRESSIVE;
				CLANG_WARN_UNREACHABLE_CODE = YES;
				CLANG_WARN__DUPLICATE_METHOD_MATCH = YES;
				COPY_PHASE_STRIP = NO;
				DEBUG_INFORMATION_FORMAT = dwarf;
				ENABLE_STRICT_OBJC_MSGSEND = YES;
				ENABLE_TESTABILITY = YES;
				ENABLE_USER_SCRIPT_SANDBOXING = YES;
				GCC_C_LANGUAGE_STANDARD = gnu17;
				GCC_DYNAMIC_NO_PIC = NO;
				GCC_NO_COMMON_BLOCKS = YES;
				GCC_OPTIMIZATION_LEVEL = 0;
				GCC_PREPROCESSOR_DEFINITIONS = (
					"DEBUG=1",
					"$(inherited)",
				);
				GCC_WARN_64_TO_32_BIT_CONVERSION = YES;
				GCC_WARN_ABOUT_RETURN_TYPE = YES_ERROR;
				GCC_WARN_UNDECLARED_SELECTOR = YES;
				GCC_WARN_UNINITIALIZED_AUTOS = YES_AGGRESSIVE;
				GCC_WARN_UNUSED_FUNCTION = YES;
				GCC_WARN_UNUSED_VARIABLE = YES;
				IPHONEOS_DEPLOYMENT_TARGET = 17.4;
				LOCALIZATION_PREFERS_STRING_CATALOGS = YES;
				MTL_ENABLE_DEBUG_INFO = INCLUDE_SOURCE;
				MTL_FAST_MATH = YES;
				ONLY_ACTIVE_ARCH = YES;
				SDKROOT = iphoneos;
				SWIFT_ACTIVE_COMPILATION_CONDITIONS = "DEBUG $(inherited)";
				SWIFT_OPTIMIZATION_LEVEL = "-Onone";
			};
			name = Debug;
		};
		02CC8D9D2C3435D0003298B9 /* Release */ = {
			isa = XCBuildConfiguration;
			buildSettings = {
				ALWAYS_SEARCH_USER_PATHS = NO;
				ASSETCATALOG_COMPILER_GENERATE_SWIFT_ASSET_SYMBOL_EXTENSIONS = YES;
				CLANG_ANALYZER_NONNULL = YES;
				CLANG_ANALYZER_NUMBER_OBJECT_CONVERSION = YES_AGGRESSIVE;
				CLANG_CXX_LANGUAGE_STANDARD = "gnu++20";
				CLANG_ENABLE_MODULES = YES;
				CLANG_ENABLE_OBJC_ARC = YES;
				CLANG_ENABLE_OBJC_WEAK = YES;
				CLANG_WARN_BLOCK_CAPTURE_AUTORELEASING = YES;
				CLANG_WARN_BOOL_CONVERSION = YES;
				CLANG_WARN_COMMA = YES;
				CLANG_WARN_CONSTANT_CONVERSION = YES;
				CLANG_WARN_DEPRECATED_OBJC_IMPLEMENTATIONS = YES;
				CLANG_WARN_DIRECT_OBJC_ISA_USAGE = YES_ERROR;
				CLANG_WARN_DOCUMENTATION_COMMENTS = YES;
				CLANG_WARN_EMPTY_BODY = YES;
				CLANG_WARN_ENUM_CONVERSION = YES;
				CLANG_WARN_INFINITE_RECURSION = YES;
				CLANG_WARN_INT_CONVERSION = YES;
				CLANG_WARN_NON_LITERAL_NULL_CONVERSION = YES;
				CLANG_WARN_OBJC_IMPLICIT_RETAIN_SELF = YES;
				CLANG_WARN_OBJC_LITERAL_CONVERSION = YES;
				CLANG_WARN_OBJC_ROOT_CLASS = YES_ERROR;
				CLANG_WARN_QUOTED_INCLUDE_IN_FRAMEWORK_HEADER = YES;
				CLANG_WARN_RANGE_LOOP_ANALYSIS = YES;
				CLANG_WARN_STRICT_PROTOTYPES = YES;
				CLANG_WARN_SUSPICIOUS_MOVE = YES;
				CLANG_WARN_UNGUARDED_AVAILABILITY = YES_AGGRESSIVE;
				CLANG_WARN_UNREACHABLE_CODE = YES;
				CLANG_WARN__DUPLICATE_METHOD_MATCH = YES;
				COPY_PHASE_STRIP = NO;
				DEBUG_INFORMATION_FORMAT = "dwarf-with-dsym";
				ENABLE_NS_ASSERTIONS = NO;
				ENABLE_STRICT_OBJC_MSGSEND = YES;
				ENABLE_USER_SCRIPT_SANDBOXING = YES;
				GCC_C_LANGUAGE_STANDARD = gnu17;
				GCC_NO_COMMON_BLOCKS = YES;
				GCC_WARN_64_TO_32_BIT_CONVERSION = YES;
				GCC_WARN_ABOUT_RETURN_TYPE = YES_ERROR;
				GCC_WARN_UNDECLARED_SELECTOR = YES;
				GCC_WARN_UNINITIALIZED_AUTOS = YES_AGGRESSIVE;
				GCC_WARN_UNUSED_FUNCTION = YES;
				GCC_WARN_UNUSED_VARIABLE = YES;
				IPHONEOS_DEPLOYMENT_TARGET = 17.4;
				LOCALIZATION_PREFERS_STRING_CATALOGS = YES;
				MTL_ENABLE_DEBUG_INFO = NO;
				MTL_FAST_MATH = YES;
				SDKROOT = iphoneos;
				SWIFT_COMPILATION_MODE = wholemodule;
				VALIDATE_PRODUCT = YES;
			};
			name = Release;
		};
		02CC8D9F2C3435D0003298B9 /* Debug */ = {
			isa = XCBuildConfiguration;
			buildSettings = {
				ALWAYS_EMBED_SWIFT_STANDARD_LIBRARIES = YES;
				ASSETCATALOG_COMPILER_APPICON_NAME = AppIcon;
				ASSETCATALOG_COMPILER_GLOBAL_ACCENT_COLOR_NAME = AccentColor;
				CODE_SIGN_ENTITLEMENTS = fbButtonNotifiy/fbButtonNotifiy.entitlements;
				CODE_SIGN_STYLE = Automatic;
				CURRENT_PROJECT_VERSION = 1;
				DEVELOPMENT_TEAM = H45HF84T2B;
				GENERATE_INFOPLIST_FILE = YES;
				INFOPLIST_FILE = fbButtonNotifiy/Info.plist;
				INFOPLIST_KEY_UIApplicationSupportsIndirectInputEvents = YES;
				INFOPLIST_KEY_UILaunchStoryboardName = LaunchScreen;
				INFOPLIST_KEY_UIMainStoryboardFile = Main;
				INFOPLIST_KEY_UISupportedInterfaceOrientations_iPad = "UIInterfaceOrientationPortrait UIInterfaceOrientationPortraitUpsideDown UIInterfaceOrientationLandscapeLeft UIInterfaceOrientationLandscapeRight";
				INFOPLIST_KEY_UISupportedInterfaceOrientations_iPhone = "UIInterfaceOrientationPortrait UIInterfaceOrientationLandscapeLeft UIInterfaceOrientationLandscapeRight";
				LD_RUNPATH_SEARCH_PATHS = (
					"$(inherited)",
					"@executable_path/Frameworks",
				);
				MARKETING_VERSION = 1.0;
				PRODUCT_BUNDLE_IDENTIFIER = com.ifloop.shaPrayerTime;
				PRODUCT_NAME = "$(TARGET_NAME)";
				SWIFT_EMIT_LOC_STRINGS = YES;
				SWIFT_VERSION = 5.0;
				TARGETED_DEVICE_FAMILY = "1,2";
			};
			name = Debug;
		};
		02CC8DA02C3435D0003298B9 /* Release */ = {
			isa = XCBuildConfiguration;
			buildSettings = {
				ALWAYS_EMBED_SWIFT_STANDARD_LIBRARIES = YES;
				ASSETCATALOG_COMPILER_APPICON_NAME = AppIcon;
				ASSETCATALOG_COMPILER_GLOBAL_ACCENT_COLOR_NAME = AccentColor;
				CODE_SIGN_ENTITLEMENTS = fbButtonNotifiy/fbButtonNotifiy.entitlements;
				CODE_SIGN_STYLE = Automatic;
				CURRENT_PROJECT_VERSION = 1;
				DEVELOPMENT_TEAM = H45HF84T2B;
				GENERATE_INFOPLIST_FILE = YES;
				INFOPLIST_FILE = fbButtonNotifiy/Info.plist;
				INFOPLIST_KEY_UIApplicationSupportsIndirectInputEvents = YES;
				INFOPLIST_KEY_UILaunchStoryboardName = LaunchScreen;
				INFOPLIST_KEY_UIMainStoryboardFile = Main;
				INFOPLIST_KEY_UISupportedInterfaceOrientations_iPad = "UIInterfaceOrientationPortrait UIInterfaceOrientationPortraitUpsideDown UIInterfaceOrientationLandscapeLeft UIInterfaceOrientationLandscapeRight";
				INFOPLIST_KEY_UISupportedInterfaceOrientations_iPhone = "UIInterfaceOrientationPortrait UIInterfaceOrientationLandscapeLeft UIInterfaceOrientationLandscapeRight";
				LD_RUNPATH_SEARCH_PATHS = (
					"$(inherited)",
					"@executable_path/Frameworks",
				);
				MARKETING_VERSION = 1.0;
				PRODUCT_BUNDLE_IDENTIFIER = com.ifloop.shaPrayerTime;
				PRODUCT_NAME = "$(TARGET_NAME)";
				SWIFT_EMIT_LOC_STRINGS = YES;
				SWIFT_VERSION = 5.0;
				TARGETED_DEVICE_FAMILY = "1,2";
			};
			name = Release;
		};
/* End XCBuildConfiguration section */

/* Begin XCConfigurationList section */
		020133942C4E6D9100D490F7 /* Build configuration list for PBXNativeTarget "ThyNetworkSpeedTestExtension" */ = {
			isa = XCConfigurationList;
			buildConfigurations = (
				020133952C4E6D9100D490F7 /* Debug */,
				020133962C4E6D9100D490F7 /* Release */,
			);
			defaultConfigurationIsVisible = 0;
			defaultConfigurationName = Release;
		};
		028098FA2C4939EF00A15143 /* Build configuration list for PBXNativeTarget "OneSignalThyNotifiy" */ = {
			isa = XCConfigurationList;
			buildConfigurations = (
				028098F82C4939EF00A15143 /* Debug */,
				028098F92C4939EF00A15143 /* Release */,
			);
			defaultConfigurationIsVisible = 0;
			defaultConfigurationName = Release;
		};
		02CC8D852C3435CE003298B9 /* Build configuration list for PBXProject "fbButtonNotifiy" */ = {
			isa = XCConfigurationList;
			buildConfigurations = (
				02CC8D9C2C3435D0003298B9 /* Debug */,
				02CC8D9D2C3435D0003298B9 /* Release */,
			);
			defaultConfigurationIsVisible = 0;
			defaultConfigurationName = Release;
		};
		02CC8D9E2C3435D0003298B9 /* Build configuration list for PBXNativeTarget "fbButtonNotifiy" */ = {
			isa = XCConfigurationList;
			buildConfigurations = (
				02CC8D9F2C3435D0003298B9 /* Debug */,
				02CC8DA02C3435D0003298B9 /* Release */,
			);
			defaultConfigurationIsVisible = 0;
			defaultConfigurationName = Release;
		};
/* End XCConfigurationList section */

/* Begin XCRemoteSwiftPackageReference section */
		028098FC2C493AC300A15143 /* XCRemoteSwiftPackageReference "OneSignal-XCFramework" */ = {
			isa = XCRemoteSwiftPackageReference;
			repositoryURL = "https://github.com/OneSignal/OneSignal-XCFramework";
			requirement = {
				kind = upToNextMajorVersion;
				minimumVersion = 5.2.2;
			};
		};
		02AFE8B22C4FBDD5007A2142 /* XCRemoteSwiftPackageReference "SwiftyPing" */ = {
			isa = XCRemoteSwiftPackageReference;
			repositoryURL = "https://github.com/samiyr/SwiftyPing.git";
			requirement = {
				branch = master;
				kind = branch;
			};
		};
/* End XCRemoteSwiftPackageReference section */

/* Begin XCSwiftPackageProductDependency section */
		028098FD2C493AC300A15143 /* OneSignalExtension */ = {
			isa = XCSwiftPackageProductDependency;
			package = 028098FC2C493AC300A15143 /* XCRemoteSwiftPackageReference "OneSignal-XCFramework" */;
			productName = OneSignalExtension;
		};
		028098FF2C493AC300A15143 /* OneSignalFramework */ = {
			isa = XCSwiftPackageProductDependency;
			package = 028098FC2C493AC300A15143 /* XCRemoteSwiftPackageReference "OneSignal-XCFramework" */;
			productName = OneSignalFramework;
		};
		028099012C493AC300A15143 /* OneSignalInAppMessages */ = {
			isa = XCSwiftPackageProductDependency;
			package = 028098FC2C493AC300A15143 /* XCRemoteSwiftPackageReference "OneSignal-XCFramework" */;
			productName = OneSignalInAppMessages;
		};
		028099032C493AC300A15143 /* OneSignalLocation */ = {
			isa = XCSwiftPackageProductDependency;
			package = 028098FC2C493AC300A15143 /* XCRemoteSwiftPackageReference "OneSignal-XCFramework" */;
			productName = OneSignalLocation;
		};
		02AFE8B32C4FBF3D007A2142 /* SwiftyPing */ = {
			isa = XCSwiftPackageProductDependency;
			package = 02AFE8B22C4FBDD5007A2142 /* XCRemoteSwiftPackageReference "SwiftyPing" */;
			productName = SwiftyPing;
		};
/* End XCSwiftPackageProductDependency section */
	};
	rootObject = 02CC8D822C3435CE003298B9 /* Project object */;
}
