// !$*UTF8*$!
{
	archiveVersion = 1;
	classes = {
	};
	objectVersion = 56;
	objects = {

/* Begin PBXBuildFile section */
		020304AA2C35677B0060CA52 /* iCustomAudioPlayer.swift in Sources */ = {isa = PBXBuildFile; fileRef = 020304A92C35677B0060CA52 /* iCustomAudioPlayer.swift */; };
		020304AD2C3567F30060CA52 /* Alamofire in Frameworks */ = {isa = PBXBuildFile; productRef = 020304AC2C3567F30060CA52 /* Alamofire */; };
		021BA6442C356EFE0041E259 /* apple.py in Resources */ = {isa = PBXBuildFile; fileRef = 021BA6432C356EFE0041E259 /* apple.py */; };
		021BA6472C35702E0041E259 /* PythonKit in Frameworks */ = {isa = PBXBuildFile; productRef = 021BA6462C35702E0041E259 /* PythonKit */; };
		025065CD2C38115900B1ED01 /* WidgetKit.framework in Frameworks */ = {isa = PBXBuildFile; fileRef = 02F067252C369DE90061BBA0 /* WidgetKit.framework */; };
		025065CE2C38115900B1ED01 /* SwiftUI.framework in Frameworks */ = {isa = PBXBuildFile; fileRef = 02F067272C369DE90061BBA0 /* SwiftUI.framework */; };
		025065D12C38115900B1ED01 /* MyWidgetBundle.swift in Sources */ = {isa = PBXBuildFile; fileRef = 025065D02C38115900B1ED01 /* MyWidgetBundle.swift */; };
		025065D32C38115900B1ED01 /* MyWidget.swift in Sources */ = {isa = PBXBuildFile; fileRef = 025065D22C38115900B1ED01 /* MyWidget.swift */; };
		025065D52C38115C00B1ED01 /* Assets.xcassets in Resources */ = {isa = PBXBuildFile; fileRef = 025065D42C38115C00B1ED01 /* Assets.xcassets */; };
		025065D92C38115C00B1ED01 /* MyWidgetExtension.appex in Embed Foundation Extensions */ = {isa = PBXBuildFile; fileRef = 025065CC2C38115900B1ED01 /* MyWidgetExtension.appex */; settings = {ATTRIBUTES = (RemoveHeadersOnCopy, ); }; };
		02CC8D8E2C3435CE003298B9 /* AppDelegate.swift in Sources */ = {isa = PBXBuildFile; fileRef = 02CC8D8D2C3435CE003298B9 /* AppDelegate.swift */; };
		02CC8D902C3435CE003298B9 /* SceneDelegate.swift in Sources */ = {isa = PBXBuildFile; fileRef = 02CC8D8F2C3435CE003298B9 /* SceneDelegate.swift */; };
		02CC8D922C3435CE003298B9 /* ViewController.swift in Sources */ = {isa = PBXBuildFile; fileRef = 02CC8D912C3435CE003298B9 /* ViewController.swift */; };
		02CC8D952C3435CE003298B9 /* Base in Resources */ = {isa = PBXBuildFile; fileRef = 02CC8D942C3435CE003298B9 /* Base */; };
		02CC8D972C3435D0003298B9 /* Assets.xcassets in Resources */ = {isa = PBXBuildFile; fileRef = 02CC8D962C3435D0003298B9 /* Assets.xcassets */; };
		02CC8D9A2C3435D0003298B9 /* Base in Resources */ = {isa = PBXBuildFile; fileRef = 02CC8D992C3435D0003298B9 /* Base */; };
		02CC8DA22C343609003298B9 /* GoogleService-Info.plist in Resources */ = {isa = PBXBuildFile; fileRef = 02CC8DA12C343609003298B9 /* GoogleService-Info.plist */; };
		02CC8DA52C343716003298B9 /* FirebaseMessaging in Frameworks */ = {isa = PBXBuildFile; productRef = 02CC8DA42C343716003298B9 /* FirebaseMessaging */; };
		02F0671C2C3695DC0061BBA0 /* SpeedcheckerReportSDK in Frameworks */ = {isa = PBXBuildFile; productRef = 02F0671B2C3695DC0061BBA0 /* SpeedcheckerReportSDK */; };
		02F0671E2C3695DC0061BBA0 /* SpeedcheckerSDK in Frameworks */ = {isa = PBXBuildFile; productRef = 02F0671D2C3695DC0061BBA0 /* SpeedcheckerSDK */; };
/* End PBXBuildFile section */

/* Begin PBXContainerItemProxy section */
		025065D72C38115C00B1ED01 /* PBXContainerItemProxy */ = {
			isa = PBXContainerItemProxy;
			containerPortal = 02CC8D822C3435CE003298B9 /* Project object */;
			proxyType = 1;
			remoteGlobalIDString = 025065CB2C38115900B1ED01;
			remoteInfo = MyWidgetExtension;
		};
/* End PBXContainerItemProxy section */

/* Begin PBXCopyFilesBuildPhase section */
		02F0673B2C369DEB0061BBA0 /* Embed Foundation Extensions */ = {
			isa = PBXCopyFilesBuildPhase;
			buildActionMask = 2147483647;
			dstPath = "";
			dstSubfolderSpec = 13;
			files = (
				025065D92C38115C00B1ED01 /* MyWidgetExtension.appex in Embed Foundation Extensions */,
			);
			name = "Embed Foundation Extensions";
			runOnlyForDeploymentPostprocessing = 0;
		};
/* End PBXCopyFilesBuildPhase section */

/* Begin PBXFileReference section */
		020304A92C35677B0060CA52 /* iCustomAudioPlayer.swift */ = {isa = PBXFileReference; lastKnownFileType = sourcecode.swift; path = iCustomAudioPlayer.swift; sourceTree = "<group>"; };
		021BA6432C356EFE0041E259 /* apple.py */ = {isa = PBXFileReference; fileEncoding = 4; lastKnownFileType = text.script.python; path = apple.py; sourceTree = "<group>"; };
		025065CC2C38115900B1ED01 /* MyWidgetExtension.appex */ = {isa = PBXFileReference; explicitFileType = "wrapper.app-extension"; includeInIndex = 0; path = MyWidgetExtension.appex; sourceTree = BUILT_PRODUCTS_DIR; };
		025065D02C38115900B1ED01 /* MyWidgetBundle.swift */ = {isa = PBXFileReference; lastKnownFileType = sourcecode.swift; path = MyWidgetBundle.swift; sourceTree = "<group>"; };
		025065D22C38115900B1ED01 /* MyWidget.swift */ = {isa = PBXFileReference; lastKnownFileType = sourcecode.swift; path = MyWidget.swift; sourceTree = "<group>"; };
		025065D42C38115C00B1ED01 /* Assets.xcassets */ = {isa = PBXFileReference; lastKnownFileType = folder.assetcatalog; path = Assets.xcassets; sourceTree = "<group>"; };
		025065D62C38115C00B1ED01 /* Info.plist */ = {isa = PBXFileReference; lastKnownFileType = text.plist.xml; path = Info.plist; sourceTree = "<group>"; };
		02CC8D8A2C3435CE003298B9 /* fbButtonNotifiy.app */ = {isa = PBXFileReference; explicitFileType = wrapper.application; includeInIndex = 0; path = fbButtonNotifiy.app; sourceTree = BUILT_PRODUCTS_DIR; };
		02CC8D8D2C3435CE003298B9 /* AppDelegate.swift */ = {isa = PBXFileReference; lastKnownFileType = sourcecode.swift; path = AppDelegate.swift; sourceTree = "<group>"; };
		02CC8D8F2C3435CE003298B9 /* SceneDelegate.swift */ = {isa = PBXFileReference; lastKnownFileType = sourcecode.swift; path = SceneDelegate.swift; sourceTree = "<group>"; };
		02CC8D912C3435CE003298B9 /* ViewController.swift */ = {isa = PBXFileReference; lastKnownFileType = sourcecode.swift; path = ViewController.swift; sourceTree = "<group>"; };
		02CC8D942C3435CE003298B9 /* Base */ = {isa = PBXFileReference; lastKnownFileType = file.storyboard; name = Base; path = Base.lproj/Main.storyboard; sourceTree = "<group>"; };
		02CC8D962C3435D0003298B9 /* Assets.xcassets */ = {isa = PBXFileReference; lastKnownFileType = folder.assetcatalog; path = Assets.xcassets; sourceTree = "<group>"; };
		02CC8D992C3435D0003298B9 /* Base */ = {isa = PBXFileReference; lastKnownFileType = file.storyboard; name = Base; path = Base.lproj/LaunchScreen.storyboard; sourceTree = "<group>"; };
		02CC8D9B2C3435D0003298B9 /* Info.plist */ = {isa = PBXFileReference; lastKnownFileType = text.plist.xml; path = Info.plist; sourceTree = "<group>"; };
		02CC8DA12C343609003298B9 /* GoogleService-Info.plist */ = {isa = PBXFileReference; fileEncoding = 4; lastKnownFileType = text.plist.xml; path = "GoogleService-Info.plist"; sourceTree = "<group>"; };
		02CC8DA62C34398F003298B9 /* fbButtonNotifiy.entitlements */ = {isa = PBXFileReference; lastKnownFileType = text.plist.entitlements; path = fbButtonNotifiy.entitlements; sourceTree = "<group>"; };
		02F067252C369DE90061BBA0 /* WidgetKit.framework */ = {isa = PBXFileReference; lastKnownFileType = wrapper.framework; name = WidgetKit.framework; path = System/Library/Frameworks/WidgetKit.framework; sourceTree = SDKROOT; };
		02F067272C369DE90061BBA0 /* SwiftUI.framework */ = {isa = PBXFileReference; lastKnownFileType = wrapper.framework; name = SwiftUI.framework; path = System/Library/Frameworks/SwiftUI.framework; sourceTree = SDKROOT; };
/* End PBXFileReference section */

/* Begin PBXFrameworksBuildPhase section */
		025065C92C38115900B1ED01 /* Frameworks */ = {
			isa = PBXFrameworksBuildPhase;
			buildActionMask = 2147483647;
			files = (
				025065CE2C38115900B1ED01 /* SwiftUI.framework in Frameworks */,
				025065CD2C38115900B1ED01 /* WidgetKit.framework in Frameworks */,
			);
			runOnlyForDeploymentPostprocessing = 0;
		};
		02CC8D872C3435CE003298B9 /* Frameworks */ = {
			isa = PBXFrameworksBuildPhase;
			buildActionMask = 2147483647;
			files = (
				02CC8DA52C343716003298B9 /* FirebaseMessaging in Frameworks */,
				02F0671C2C3695DC0061BBA0 /* SpeedcheckerReportSDK in Frameworks */,
				020304AD2C3567F30060CA52 /* Alamofire in Frameworks */,
				021BA6472C35702E0041E259 /* PythonKit in Frameworks */,
				02F0671E2C3695DC0061BBA0 /* SpeedcheckerSDK in Frameworks */,
			);
			runOnlyForDeploymentPostprocessing = 0;
		};
/* End PBXFrameworksBuildPhase section */

/* Begin PBXGroup section */
		025065CF2C38115900B1ED01 /* MyWidget */ = {
			isa = PBXGroup;
			children = (
				025065D02C38115900B1ED01 /* MyWidgetBundle.swift */,
				025065D22C38115900B1ED01 /* MyWidget.swift */,
				025065D42C38115C00B1ED01 /* Assets.xcassets */,
				025065D62C38115C00B1ED01 /* Info.plist */,
			);
			path = MyWidget;
			sourceTree = "<group>";
		};
		02CC8D812C3435CE003298B9 = {
			isa = PBXGroup;
			children = (
				02CC8D8C2C3435CE003298B9 /* fbButtonNotifiy */,
				025065CF2C38115900B1ED01 /* MyWidget */,
				02F067242C369DE90061BBA0 /* Frameworks */,
				02CC8D8B2C3435CE003298B9 /* Products */,
			);
			sourceTree = "<group>";
		};
		02CC8D8B2C3435CE003298B9 /* Products */ = {
			isa = PBXGroup;
			children = (
				02CC8D8A2C3435CE003298B9 /* fbButtonNotifiy.app */,
				025065CC2C38115900B1ED01 /* MyWidgetExtension.appex */,
			);
			name = Products;
			sourceTree = "<group>";
		};
		02CC8D8C2C3435CE003298B9 /* fbButtonNotifiy */ = {
			isa = PBXGroup;
			children = (
				02CC8DA62C34398F003298B9 /* fbButtonNotifiy.entitlements */,
				02CC8D8D2C3435CE003298B9 /* AppDelegate.swift */,
				02CC8D8F2C3435CE003298B9 /* SceneDelegate.swift */,
				02CC8D912C3435CE003298B9 /* ViewController.swift */,
				02CC8D932C3435CE003298B9 /* Main.storyboard */,
				02CC8D962C3435D0003298B9 /* Assets.xcassets */,
				02CC8D982C3435D0003298B9 /* LaunchScreen.storyboard */,
				02CC8D9B2C3435D0003298B9 /* Info.plist */,
				02CC8DA12C343609003298B9 /* GoogleService-Info.plist */,
				020304A92C35677B0060CA52 /* iCustomAudioPlayer.swift */,
				021BA6432C356EFE0041E259 /* apple.py */,
			);
			path = fbButtonNotifiy;
			sourceTree = "<group>";
		};
		02F067242C369DE90061BBA0 /* Frameworks */ = {
			isa = PBXGroup;
			children = (
				02F067252C369DE90061BBA0 /* WidgetKit.framework */,
				02F067272C369DE90061BBA0 /* SwiftUI.framework */,
			);
			name = Frameworks;
			sourceTree = "<group>";
		};
/* End PBXGroup section */

/* Begin PBXNativeTarget section */
		025065CB2C38115900B1ED01 /* MyWidgetExtension */ = {
			isa = PBXNativeTarget;
			buildConfigurationList = 025065DA2C38115C00B1ED01 /* Build configuration list for PBXNativeTarget "MyWidgetExtension" */;
			buildPhases = (
				025065C82C38115900B1ED01 /* Sources */,
				025065C92C38115900B1ED01 /* Frameworks */,
				025065CA2C38115900B1ED01 /* Resources */,
			);
			buildRules = (
			);
			dependencies = (
			);
			name = MyWidgetExtension;
			productName = MyWidgetExtension;
			productReference = 025065CC2C38115900B1ED01 /* MyWidgetExtension.appex */;
			productType = "com.apple.product-type.app-extension";
		};
		02CC8D892C3435CE003298B9 /* fbButtonNotifiy */ = {
			isa = PBXNativeTarget;
			buildConfigurationList = 02CC8D9E2C3435D0003298B9 /* Build configuration list for PBXNativeTarget "fbButtonNotifiy" */;
			buildPhases = (
				02CC8D862C3435CE003298B9 /* Sources */,
				02CC8D872C3435CE003298B9 /* Frameworks */,
				02CC8D882C3435CE003298B9 /* Resources */,
				02F0673B2C369DEB0061BBA0 /* Embed Foundation Extensions */,
			);
			buildRules = (
			);
			dependencies = (
				025065D82C38115C00B1ED01 /* PBXTargetDependency */,
			);
			name = fbButtonNotifiy;
			packageProductDependencies = (
				02CC8DA42C343716003298B9 /* FirebaseMessaging */,
				020304AC2C3567F30060CA52 /* Alamofire */,
				021BA6462C35702E0041E259 /* PythonKit */,
				02F0671B2C3695DC0061BBA0 /* SpeedcheckerReportSDK */,
				02F0671D2C3695DC0061BBA0 /* SpeedcheckerSDK */,
			);
			productName = fbButtonNotifiy;
			productReference = 02CC8D8A2C3435CE003298B9 /* fbButtonNotifiy.app */;
			productType = "com.apple.product-type.application";
		};
/* End PBXNativeTarget section */

/* Begin PBXProject section */
		02CC8D822C3435CE003298B9 /* Project object */ = {
			isa = PBXProject;
			attributes = {
				BuildIndependentTargetsInParallel = 1;
				LastSwiftUpdateCheck = 1530;
				LastUpgradeCheck = 1530;
				TargetAttributes = {
					025065CB2C38115900B1ED01 = {
						CreatedOnToolsVersion = 15.3;
					};
					02CC8D892C3435CE003298B9 = {
						CreatedOnToolsVersion = 15.3;
					};
				};
			};
			buildConfigurationList = 02CC8D852C3435CE003298B9 /* Build configuration list for PBXProject "fbButtonNotifiy" */;
			compatibilityVersion = "Xcode 14.0";
			developmentRegion = en;
			hasScannedForEncodings = 0;
			knownRegions = (
				en,
				Base,
			);
			mainGroup = 02CC8D812C3435CE003298B9;
			packageReferences = (
				02CC8DA32C343716003298B9 /* XCRemoteSwiftPackageReference "firebase-ios-sdk" */,
				020304AB2C3567F30060CA52 /* XCRemoteSwiftPackageReference "Alamofire" */,
				021BA6452C35702E0041E259 /* XCRemoteSwiftPackageReference "PythonKit" */,
				02F0671A2C3695DB0061BBA0 /* XCRemoteSwiftPackageReference "speedchecker-sdk-ios" */,
			);
			productRefGroup = 02CC8D8B2C3435CE003298B9 /* Products */;
			projectDirPath = "";
			projectRoot = "";
			targets = (
				02CC8D892C3435CE003298B9 /* fbButtonNotifiy */,
				025065CB2C38115900B1ED01 /* MyWidgetExtension */,
			);
		};
/* End PBXProject section */

/* Begin PBXResourcesBuildPhase section */
		025065CA2C38115900B1ED01 /* Resources */ = {
			isa = PBXResourcesBuildPhase;
			buildActionMask = 2147483647;
			files = (
				025065D52C38115C00B1ED01 /* Assets.xcassets in Resources */,
			);
			runOnlyForDeploymentPostprocessing = 0;
		};
		02CC8D882C3435CE003298B9 /* Resources */ = {
			isa = PBXResourcesBuildPhase;
			buildActionMask = 2147483647;
			files = (
				02CC8D972C3435D0003298B9 /* Assets.xcassets in Resources */,
				02CC8DA22C343609003298B9 /* GoogleService-Info.plist in Resources */,
				021BA6442C356EFE0041E259 /* apple.py in Resources */,
				02CC8D9A2C3435D0003298B9 /* Base in Resources */,
				02CC8D952C3435CE003298B9 /* Base in Resources */,
			);
			runOnlyForDeploymentPostprocessing = 0;
		};
/* End PBXResourcesBuildPhase section */

/* Begin PBXSourcesBuildPhase section */
		025065C82C38115900B1ED01 /* Sources */ = {
			isa = PBXSourcesBuildPhase;
			buildActionMask = 2147483647;
			files = (
				025065D12C38115900B1ED01 /* MyWidgetBundle.swift in Sources */,
				025065D32C38115900B1ED01 /* MyWidget.swift in Sources */,
			);
			runOnlyForDeploymentPostprocessing = 0;
		};
		02CC8D862C3435CE003298B9 /* Sources */ = {
			isa = PBXSourcesBuildPhase;
			buildActionMask = 2147483647;
			files = (
				020304AA2C35677B0060CA52 /* iCustomAudioPlayer.swift in Sources */,
				02CC8D922C3435CE003298B9 /* ViewController.swift in Sources */,
				02CC8D8E2C3435CE003298B9 /* AppDelegate.swift in Sources */,
				02CC8D902C3435CE003298B9 /* SceneDelegate.swift in Sources */,
			);
			runOnlyForDeploymentPostprocessing = 0;
		};
/* End PBXSourcesBuildPhase section */

/* Begin PBXTargetDependency section */
		025065D82C38115C00B1ED01 /* PBXTargetDependency */ = {
			isa = PBXTargetDependency;
			target = 025065CB2C38115900B1ED01 /* MyWidgetExtension */;
			targetProxy = 025065D72C38115C00B1ED01 /* PBXContainerItemProxy */;
		};
/* End PBXTargetDependency section */

/* Begin PBXVariantGroup section */
		02CC8D932C3435CE003298B9 /* Main.storyboard */ = {
			isa = PBXVariantGroup;
			children = (
				02CC8D942C3435CE003298B9 /* Base */,
			);
			name = Main.storyboard;
			sourceTree = "<group>";
		};
		02CC8D982C3435D0003298B9 /* LaunchScreen.storyboard */ = {
			isa = PBXVariantGroup;
			children = (
				02CC8D992C3435D0003298B9 /* Base */,
			);
			name = LaunchScreen.storyboard;
			sourceTree = "<group>";
		};
/* End PBXVariantGroup section */

/* Begin XCBuildConfiguration section */
		025065DB2C38115C00B1ED01 /* Debug */ = {
			isa = XCBuildConfiguration;
			buildSettings = {
				ASSETCATALOG_COMPILER_GLOBAL_ACCENT_COLOR_NAME = AccentColor;
				ASSETCATALOG_COMPILER_WIDGET_BACKGROUND_COLOR_NAME = WidgetBackground;
				CODE_SIGN_STYLE = Automatic;
				CURRENT_PROJECT_VERSION = 1;
				DEVELOPMENT_TEAM = H45HF84T2B;
				GENERATE_INFOPLIST_FILE = YES;
				INFOPLIST_FILE = MyWidget/Info.plist;
				INFOPLIST_KEY_CFBundleDisplayName = MyWidget;
				INFOPLIST_KEY_NSHumanReadableCopyright = "";
				LD_RUNPATH_SEARCH_PATHS = (
					"$(inherited)",
					"@executable_path/Frameworks",
					"@executable_path/../../Frameworks",
				);
				MARKETING_VERSION = 1.0;
				PRODUCT_BUNDLE_IDENTIFIER = com.ifloop.shaPrayerTime.MyWidget;
				PRODUCT_NAME = "$(TARGET_NAME)";
				SKIP_INSTALL = YES;
				SWIFT_EMIT_LOC_STRINGS = YES;
				SWIFT_VERSION = 5.0;
				TARGETED_DEVICE_FAMILY = "1,2";
			};
			name = Debug;
		};
		025065DC2C38115C00B1ED01 /* Release */ = {
			isa = XCBuildConfiguration;
			buildSettings = {
				ASSETCATALOG_COMPILER_GLOBAL_ACCENT_COLOR_NAME = AccentColor;
				ASSETCATALOG_COMPILER_WIDGET_BACKGROUND_COLOR_NAME = WidgetBackground;
				CODE_SIGN_STYLE = Automatic;
				CURRENT_PROJECT_VERSION = 1;
				DEVELOPMENT_TEAM = H45HF84T2B;
				GENERATE_INFOPLIST_FILE = YES;
				INFOPLIST_FILE = MyWidget/Info.plist;
				INFOPLIST_KEY_CFBundleDisplayName = MyWidget;
				INFOPLIST_KEY_NSHumanReadableCopyright = "";
				LD_RUNPATH_SEARCH_PATHS = (
					"$(inherited)",
					"@executable_path/Frameworks",
					"@executable_path/../../Frameworks",
				);
				MARKETING_VERSION = 1.0;
				PRODUCT_BUNDLE_IDENTIFIER = com.ifloop.shaPrayerTime.MyWidget;
				PRODUCT_NAME = "$(TARGET_NAME)";
				SKIP_INSTALL = YES;
				SWIFT_EMIT_LOC_STRINGS = YES;
				SWIFT_VERSION = 5.0;
				TARGETED_DEVICE_FAMILY = "1,2";
			};
			name = Release;
		};
		02CC8D9C2C3435D0003298B9 /* Debug */ = {
			isa = XCBuildConfiguration;
			buildSettings = {
				ALWAYS_SEARCH_USER_PATHS = NO;
				ASSETCATALOG_COMPILER_GENERATE_SWIFT_ASSET_SYMBOL_EXTENSIONS = YES;
				CLANG_ANALYZER_NONNULL = YES;
				CLANG_ANALYZER_NUMBER_OBJECT_CONVERSION = YES_AGGRESSIVE;
				CLANG_CXX_LANGUAGE_STANDARD = "gnu++20";
				CLANG_ENABLE_MODULES = YES;
				CLANG_ENABLE_OBJC_ARC = YES;
				CLANG_ENABLE_OBJC_WEAK = YES;
				CLANG_WARN_BLOCK_CAPTURE_AUTORELEASING = YES;
				CLANG_WARN_BOOL_CONVERSION = YES;
				CLANG_WARN_COMMA = YES;
				CLANG_WARN_CONSTANT_CONVERSION = YES;
				CLANG_WARN_DEPRECATED_OBJC_IMPLEMENTATIONS = YES;
				CLANG_WARN_DIRECT_OBJC_ISA_USAGE = YES_ERROR;
				CLANG_WARN_DOCUMENTATION_COMMENTS = YES;
				CLANG_WARN_EMPTY_BODY = YES;
				CLANG_WARN_ENUM_CONVERSION = YES;
				CLANG_WARN_INFINITE_RECURSION = YES;
				CLANG_WARN_INT_CONVERSION = YES;
				CLANG_WARN_NON_LITERAL_NULL_CONVERSION = YES;
				CLANG_WARN_OBJC_IMPLICIT_RETAIN_SELF = YES;
				CLANG_WARN_OBJC_LITERAL_CONVERSION = YES;
				CLANG_WARN_OBJC_ROOT_CLASS = YES_ERROR;
				CLANG_WARN_QUOTED_INCLUDE_IN_FRAMEWORK_HEADER = YES;
				CLANG_WARN_RANGE_LOOP_ANALYSIS = YES;
				CLANG_WARN_STRICT_PROTOTYPES = YES;
				CLANG_WARN_SUSPICIOUS_MOVE = YES;
				CLANG_WARN_UNGUARDED_AVAILABILITY = YES_AGGRESSIVE;
				CLANG_WARN_UNREACHABLE_CODE = YES;
				CLANG_WARN__DUPLICATE_METHOD_MATCH = YES;
				COPY_PHASE_STRIP = NO;
				DEBUG_INFORMATION_FORMAT = dwarf;
				ENABLE_STRICT_OBJC_MSGSEND = YES;
				ENABLE_TESTABILITY = YES;
				ENABLE_USER_SCRIPT_SANDBOXING = YES;
				GCC_C_LANGUAGE_STANDARD = gnu17;
				GCC_DYNAMIC_NO_PIC = NO;
				GCC_NO_COMMON_BLOCKS = YES;
				GCC_OPTIMIZATION_LEVEL = 0;
				GCC_PREPROCESSOR_DEFINITIONS = (
					"DEBUG=1",
					"$(inherited)",
				);
				GCC_WARN_64_TO_32_BIT_CONVERSION = YES;
				GCC_WARN_ABOUT_RETURN_TYPE = YES_ERROR;
				GCC_WARN_UNDECLARED_SELECTOR = YES;
				GCC_WARN_UNINITIALIZED_AUTOS = YES_AGGRESSIVE;
				GCC_WARN_UNUSED_FUNCTION = YES;
				GCC_WARN_UNUSED_VARIABLE = YES;
				IPHONEOS_DEPLOYMENT_TARGET = 17.4;
				LOCALIZATION_PREFERS_STRING_CATALOGS = YES;
				MTL_ENABLE_DEBUG_INFO = INCLUDE_SOURCE;
				MTL_FAST_MATH = YES;
				ONLY_ACTIVE_ARCH = YES;
				SDKROOT = iphoneos;
				SWIFT_ACTIVE_COMPILATION_CONDITIONS = "DEBUG $(inherited)";
				SWIFT_OPTIMIZATION_LEVEL = "-Onone";
			};
			name = Debug;
		};
		02CC8D9D2C3435D0003298B9 /* Release */ = {
			isa = XCBuildConfiguration;
			buildSettings = {
				ALWAYS_SEARCH_USER_PATHS = NO;
				ASSETCATALOG_COMPILER_GENERATE_SWIFT_ASSET_SYMBOL_EXTENSIONS = YES;
				CLANG_ANALYZER_NONNULL = YES;
				CLANG_ANALYZER_NUMBER_OBJECT_CONVERSION = YES_AGGRESSIVE;
				CLANG_CXX_LANGUAGE_STANDARD = "gnu++20";
				CLANG_ENABLE_MODULES = YES;
				CLANG_ENABLE_OBJC_ARC = YES;
				CLANG_ENABLE_OBJC_WEAK = YES;
				CLANG_WARN_BLOCK_CAPTURE_AUTORELEASING = YES;
				CLANG_WARN_BOOL_CONVERSION = YES;
				CLANG_WARN_COMMA = YES;
				CLANG_WARN_CONSTANT_CONVERSION = YES;
				CLANG_WARN_DEPRECATED_OBJC_IMPLEMENTATIONS = YES;
				CLANG_WARN_DIRECT_OBJC_ISA_USAGE = YES_ERROR;
				CLANG_WARN_DOCUMENTATION_COMMENTS = YES;
				CLANG_WARN_EMPTY_BODY = YES;
				CLANG_WARN_ENUM_CONVERSION = YES;
				CLANG_WARN_INFINITE_RECURSION = YES;
				CLANG_WARN_INT_CONVERSION = YES;
				CLANG_WARN_NON_LITERAL_NULL_CONVERSION = YES;
				CLANG_WARN_OBJC_IMPLICIT_RETAIN_SELF = YES;
				CLANG_WARN_OBJC_LITERAL_CONVERSION = YES;
				CLANG_WARN_OBJC_ROOT_CLASS = YES_ERROR;
				CLANG_WARN_QUOTED_INCLUDE_IN_FRAMEWORK_HEADER = YES;
				CLANG_WARN_RANGE_LOOP_ANALYSIS = YES;
				CLANG_WARN_STRICT_PROTOTYPES = YES;
				CLANG_WARN_SUSPICIOUS_MOVE = YES;
				CLANG_WARN_UNGUARDED_AVAILABILITY = YES_AGGRESSIVE;
				CLANG_WARN_UNREACHABLE_CODE = YES;
				CLANG_WARN__DUPLICATE_METHOD_MATCH = YES;
				COPY_PHASE_STRIP = NO;
				DEBUG_INFORMATION_FORMAT = "dwarf-with-dsym";
				ENABLE_NS_ASSERTIONS = NO;
				ENABLE_STRICT_OBJC_MSGSEND = YES;
				ENABLE_USER_SCRIPT_SANDBOXING = YES;
				GCC_C_LANGUAGE_STANDARD = gnu17;
				GCC_NO_COMMON_BLOCKS = YES;
				GCC_WARN_64_TO_32_BIT_CONVERSION = YES;
				GCC_WARN_ABOUT_RETURN_TYPE = YES_ERROR;
				GCC_WARN_UNDECLARED_SELECTOR = YES;
				GCC_WARN_UNINITIALIZED_AUTOS = YES_AGGRESSIVE;
				GCC_WARN_UNUSED_FUNCTION = YES;
				GCC_WARN_UNUSED_VARIABLE = YES;
				IPHONEOS_DEPLOYMENT_TARGET = 17.4;
				LOCALIZATION_PREFERS_STRING_CATALOGS = YES;
				MTL_ENABLE_DEBUG_INFO = NO;
				MTL_FAST_MATH = YES;
				SDKROOT = iphoneos;
				SWIFT_COMPILATION_MODE = wholemodule;
				VALIDATE_PRODUCT = YES;
			};
			name = Release;
		};
		02CC8D9F2C3435D0003298B9 /* Debug */ = {
			isa = XCBuildConfiguration;
			buildSettings = {
				ALWAYS_EMBED_SWIFT_STANDARD_LIBRARIES = YES;
				ASSETCATALOG_COMPILER_APPICON_NAME = AppIcon;
				ASSETCATALOG_COMPILER_GLOBAL_ACCENT_COLOR_NAME = AccentColor;
				CODE_SIGN_ENTITLEMENTS = fbButtonNotifiy/fbButtonNotifiy.entitlements;
				CODE_SIGN_STYLE = Automatic;
				CURRENT_PROJECT_VERSION = 1;
				DEVELOPMENT_TEAM = H45HF84T2B;
				GENERATE_INFOPLIST_FILE = YES;
				INFOPLIST_FILE = fbButtonNotifiy/Info.plist;
				INFOPLIST_KEY_UIApplicationSupportsIndirectInputEvents = YES;
				INFOPLIST_KEY_UILaunchStoryboardName = LaunchScreen;
				INFOPLIST_KEY_UIMainStoryboardFile = Main;
				INFOPLIST_KEY_UISupportedInterfaceOrientations_iPad = "UIInterfaceOrientationPortrait UIInterfaceOrientationPortraitUpsideDown UIInterfaceOrientationLandscapeLeft UIInterfaceOrientationLandscapeRight";
				INFOPLIST_KEY_UISupportedInterfaceOrientations_iPhone = "UIInterfaceOrientationPortrait UIInterfaceOrientationLandscapeLeft UIInterfaceOrientationLandscapeRight";
				LD_RUNPATH_SEARCH_PATHS = (
					"$(inherited)",
					"@executable_path/Frameworks",
				);
				MARKETING_VERSION = 1.0;
				PRODUCT_BUNDLE_IDENTIFIER = com.ifloop.shaPrayerTime;
				PRODUCT_NAME = "$(TARGET_NAME)";
				SWIFT_EMIT_LOC_STRINGS = YES;
				SWIFT_VERSION = 5.0;
				TARGETED_DEVICE_FAMILY = "1,2";
			};
			name = Debug;
		};
		02CC8DA02C3435D0003298B9 /* Release */ = {
			isa = XCBuildConfiguration;
			buildSettings = {
				ALWAYS_EMBED_SWIFT_STANDARD_LIBRARIES = YES;
				ASSETCATALOG_COMPILER_APPICON_NAME = AppIcon;
				ASSETCATALOG_COMPILER_GLOBAL_ACCENT_COLOR_NAME = AccentColor;
				CODE_SIGN_ENTITLEMENTS = fbButtonNotifiy/fbButtonNotifiy.entitlements;
				CODE_SIGN_STYLE = Automatic;
				CURRENT_PROJECT_VERSION = 1;
				DEVELOPMENT_TEAM = H45HF84T2B;
				GENERATE_INFOPLIST_FILE = YES;
				INFOPLIST_FILE = fbButtonNotifiy/Info.plist;
				INFOPLIST_KEY_UIApplicationSupportsIndirectInputEvents = YES;
				INFOPLIST_KEY_UILaunchStoryboardName = LaunchScreen;
				INFOPLIST_KEY_UIMainStoryboardFile = Main;
				INFOPLIST_KEY_UISupportedInterfaceOrientations_iPad = "UIInterfaceOrientationPortrait UIInterfaceOrientationPortraitUpsideDown UIInterfaceOrientationLandscapeLeft UIInterfaceOrientationLandscapeRight";
				INFOPLIST_KEY_UISupportedInterfaceOrientations_iPhone = "UIInterfaceOrientationPortrait UIInterfaceOrientationLandscapeLeft UIInterfaceOrientationLandscapeRight";
				LD_RUNPATH_SEARCH_PATHS = (
					"$(inherited)",
					"@executable_path/Frameworks",
				);
				MARKETING_VERSION = 1.0;
				PRODUCT_BUNDLE_IDENTIFIER = com.ifloop.shaPrayerTime;
				PRODUCT_NAME = "$(TARGET_NAME)";
				SWIFT_EMIT_LOC_STRINGS = YES;
				SWIFT_VERSION = 5.0;
				TARGETED_DEVICE_FAMILY = "1,2";
			};
			name = Release;
		};
/* End XCBuildConfiguration section */

/* Begin XCConfigurationList section */
		025065DA2C38115C00B1ED01 /* Build configuration list for PBXNativeTarget "MyWidgetExtension" */ = {
			isa = XCConfigurationList;
			buildConfigurations = (
				025065DB2C38115C00B1ED01 /* Debug */,
				025065DC2C38115C00B1ED01 /* Release */,
			);
			defaultConfigurationIsVisible = 0;
			defaultConfigurationName = Release;
		};
		02CC8D852C3435CE003298B9 /* Build configuration list for PBXProject "fbButtonNotifiy" */ = {
			isa = XCConfigurationList;
			buildConfigurations = (
				02CC8D9C2C3435D0003298B9 /* Debug */,
				02CC8D9D2C3435D0003298B9 /* Release */,
			);
			defaultConfigurationIsVisible = 0;
			defaultConfigurationName = Release;
		};
		02CC8D9E2C3435D0003298B9 /* Build configuration list for PBXNativeTarget "fbButtonNotifiy" */ = {
			isa = XCConfigurationList;
			buildConfigurations = (
				02CC8D9F2C3435D0003298B9 /* Debug */,
				02CC8DA02C3435D0003298B9 /* Release */,
			);
			defaultConfigurationIsVisible = 0;
			defaultConfigurationName = Release;
		};
/* End XCConfigurationList section */

/* Begin XCRemoteSwiftPackageReference section */
		020304AB2C3567F30060CA52 /* XCRemoteSwiftPackageReference "Alamofire" */ = {
			isa = XCRemoteSwiftPackageReference;
			repositoryURL = "https://github.com/Alamofire/Alamofire.git";
			requirement = {
				kind = upToNextMajorVersion;
				minimumVersion = 5.9.1;
			};
		};
		021BA6452C35702E0041E259 /* XCRemoteSwiftPackageReference "PythonKit" */ = {
			isa = XCRemoteSwiftPackageReference;
			repositoryURL = "https://github.com/pvieito/PythonKit.git";
			requirement = {
				branch = master;
				kind = branch;
			};
		};
		02CC8DA32C343716003298B9 /* XCRemoteSwiftPackageReference "firebase-ios-sdk" */ = {
			isa = XCRemoteSwiftPackageReference;
			repositoryURL = "https://github.com/firebase/firebase-ios-sdk.git";
			requirement = {
				kind = upToNextMajorVersion;
				minimumVersion = 10.28.1;
			};
		};
		02F0671A2C3695DB0061BBA0 /* XCRemoteSwiftPackageReference "speedchecker-sdk-ios" */ = {
			isa = XCRemoteSwiftPackageReference;
			repositoryURL = "https://github.com/speedchecker/speedchecker-sdk-ios";
			requirement = {
				kind = upToNextMajorVersion;
				minimumVersion = 2.0.3;
			};
		};
/* End XCRemoteSwiftPackageReference section */

/* Begin XCSwiftPackageProductDependency section */
		020304AC2C3567F30060CA52 /* Alamofire */ = {
			isa = XCSwiftPackageProductDependency;
			package = 020304AB2C3567F30060CA52 /* XCRemoteSwiftPackageReference "Alamofire" */;
			productName = Alamofire;
		};
		021BA6462C35702E0041E259 /* PythonKit */ = {
			isa = XCSwiftPackageProductDependency;
			package = 021BA6452C35702E0041E259 /* XCRemoteSwiftPackageReference "PythonKit" */;
			productName = PythonKit;
		};
		02CC8DA42C343716003298B9 /* FirebaseMessaging */ = {
			isa = XCSwiftPackageProductDependency;
			package = 02CC8DA32C343716003298B9 /* XCRemoteSwiftPackageReference "firebase-ios-sdk" */;
			productName = FirebaseMessaging;
		};
		02F0671B2C3695DC0061BBA0 /* SpeedcheckerReportSDK */ = {
			isa = XCSwiftPackageProductDependency;
			package = 02F0671A2C3695DB0061BBA0 /* XCRemoteSwiftPackageReference "speedchecker-sdk-ios" */;
			productName = SpeedcheckerReportSDK;
		};
		02F0671D2C3695DC0061BBA0 /* SpeedcheckerSDK */ = {
			isa = XCSwiftPackageProductDependency;
			package = 02F0671A2C3695DB0061BBA0 /* XCRemoteSwiftPackageReference "speedchecker-sdk-ios" */;
			productName = SpeedcheckerSDK;
		};
/* End XCSwiftPackageProductDependency section */
	};
	rootObject = 02CC8D822C3435CE003298B9 /* Project object */;
}
